
Microsoft Visual Studio Solution File, Format Version 12.00
# Visual Studio Version 17
VisualStudioVersion = 17.13.35931.197 d17.13
MinimumVisualStudioVersion = 10.0.40219.1
Project("{8BC9CEB8-8B4A-11D0-8D11-00A0C91BC942}") = "fltuser_wrapper", "fltuser_wrapper\fltuser_wrapper.vcxproj", "{F15F12A5-48C1-46D1-B70C-3CA721DD6B1F}"
EndProject
Global
	GlobalSection(SolutionConfigurationPlatforms) = preSolution
		Debug|x64 = Debug|x64
		Debug|x86 = Debug|x86
		Release|x64 = Release|x64
		Release|x86 = Release|x86
	EndGlobalSection
	GlobalSection(ProjectConfigurationPlatforms) = postSolution
		{F15F12A5-48C1-46D1-B70C-3CA721DD6B1F}.Debug|x64.ActiveCfg = Debug|x64
		{F15F12A5-48C1-46D1-B70C-3CA721DD6B1F}.Debug|x64.Build.0 = Debug|x64
		{F15F12A5-48C1-46D1-B70C-3CA721DD6B1F}.Debug|x86.ActiveCfg = Debug|Win32
		{F15F12A5-48C1-46D1-B70C-3CA721DD6B1F}.Debug|x86.Build.0 = Debug|Win32
		{F15F12A5-48C1-46D1-B70C-3CA721DD6B1F}.Release|x64.ActiveCfg = Release|x64
		{F15F12A5-48C1-46D1-B70C-3CA721DD6B1F}.Release|x64.Build.0 = Release|x64
		{F15F12A5-48C1-46D1-B70C-3CA721DD6B1F}.Release|x86.ActiveCfg = Release|Win32
		{F15F12A5-48C1-46D1-B70C-3CA721DD6B1F}.Release|x86.Build.0 = Release|Win32
	EndGlobalSection
	GlobalSection(SolutionProperties) = preSolution
		HideSolutionNode = FALSE
	EndGlobalSection
	GlobalSection(ExtensibilityGlobals) = postSolution
		SolutionGuid = {6ECFBC75-E843-4A39-9D8D-19F2A11435A7}
	EndGlobalSection
EndGlobal
